// !$*UTF8*$!
{
	archiveVersion = 1;
	classes = {
	};
	objectVersion = 46;
	objects = {

/* Begin PBXBuildFile section */
		26AE1D2319141BA8008CAD60 /* Foundation.framework in Frameworks */ = {isa = PBXBuildFile; fileRef = 26AE1D2219141BA8008CAD60 /* Foundation.framework */; };
		26AE1D2519141BA8008CAD60 /* CoreGraphics.framework in Frameworks */ = {isa = PBXBuildFile; fileRef = 26AE1D2419141BA8008CAD60 /* CoreGraphics.framework */; };
		26AE1D2719141BA8008CAD60 /* UIKit.framework in Frameworks */ = {isa = PBXBuildFile; fileRef = 26AE1D2619141BA8008CAD60 /* UIKit.framework */; };
		26AE1D2D19141BA8008CAD60 /* InfoPlist.strings in Resources */ = {isa = PBXBuildFile; fileRef = 26AE1D2B19141BA8008CAD60 /* InfoPlist.strings */; };
		26AE1D2F19141BA8008CAD60 /* main.m in Sources */ = {isa = PBXBuildFile; fileRef = 26AE1D2E19141BA8008CAD60 /* main.m */; };
		26AE1D3319141BA8008CAD60 /* WSAppDelegate.m in Sources */ = {isa = PBXBuildFile; fileRef = 26AE1D3219141BA8008CAD60 /* WSAppDelegate.m */; };
		26AE1D3619141BA8008CAD60 /* Main.storyboard in Resources */ = {isa = PBXBuildFile; fileRef = 26AE1D3419141BA8008CAD60 /* Main.storyboard */; };
		26AE1D3919141BA8008CAD60 /* WSViewController.m in Sources */ = {isa = PBXBuildFile; fileRef = 26AE1D3819141BA8008CAD60 /* WSViewController.m */; };
		26AE1D3B19141BA8008CAD60 /* Images.xcassets in Resources */ = {isa = PBXBuildFile; fileRef = 26AE1D3A19141BA8008CAD60 /* Images.xcassets */; };
		26AE1D4219141BA8008CAD60 /* XCTest.framework in Frameworks */ = {isa = PBXBuildFile; fileRef = 26AE1D4119141BA8008CAD60 /* XCTest.framework */; };
		26AE1D4319141BA8008CAD60 /* Foundation.framework in Frameworks */ = {isa = PBXBuildFile; fileRef = 26AE1D2219141BA8008CAD60 /* Foundation.framework */; };
		26AE1D4419141BA8008CAD60 /* UIKit.framework in Frameworks */ = {isa = PBXBuildFile; fileRef = 26AE1D2619141BA8008CAD60 /* UIKit.framework */; };
		26AE1D4C19141BA8008CAD60 /* InfoPlist.strings in Resources */ = {isa = PBXBuildFile; fileRef = 26AE1D4A19141BA8008CAD60 /* InfoPlist.strings */; };
		26AE1D4E19141BA8008CAD60 /* Git_testTests.m in Sources */ = {isa = PBXBuildFile; fileRef = 26AE1D4D19141BA8008CAD60 /* Git_testTests.m */; };
		26AE1D5C19142032008CAD60 /* WSTest.m in Sources */ = {isa = PBXBuildFile; fileRef = 26AE1D5B19142032008CAD60 /* WSTest.m */; };
/* End PBXBuildFile section */

/* Begin PBXContainerItemProxy section */
		26AE1D4519141BA8008CAD60 /* PBXContainerItemProxy */ = {
			isa = PBXContainerItemProxy;
			containerPortal = 26AE1D1719141BA8008CAD60 /* Project object */;
			proxyType = 1;
			remoteGlobalIDString = 26AE1D1E19141BA8008CAD60;
			remoteInfo = "Git test";
		};
/* End PBXContainerItemProxy section */

/* Begin PBXFileReference section */
		26AE1D1F19141BA8008CAD60 /* Git test.app */ = {isa = PBXFileReference; explicitFileType = wrapper.application; includeInIndex = 0; path = "Git test.app"; sourceTree = BUILT_PRODUCTS_DIR; };
		26AE1D2219141BA8008CAD60 /* Foundation.framework */ = {isa = PBXFileReference; lastKnownFileType = wrapper.framework; name = Foundation.framework; path = System/Library/Frameworks/Foundation.framework; sourceTree = SDKROOT; };
		26AE1D2419141BA8008CAD60 /* CoreGraphics.framework */ = {isa = PBXFileReference; lastKnownFileType = wrapper.framework; name = CoreGraphics.framework; path = System/Library/Frameworks/CoreGraphics.framework; sourceTree = SDKROOT; };
		26AE1D2619141BA8008CAD60 /* UIKit.framework */ = {isa = PBXFileReference; lastKnownFileType = wrapper.framework; name = UIKit.framework; path = System/Library/Frameworks/UIKit.framework; sourceTree = SDKROOT; };
		26AE1D2A19141BA8008CAD60 /* Git test-Info.plist */ = {isa = PBXFileReference; lastKnownFileType = text.plist.xml; path = "Git test-Info.plist"; sourceTree = "<group>"; };
		26AE1D2C19141BA8008CAD60 /* en */ = {isa = PBXFileReference; lastKnownFileType = text.plist.strings; name = en; path = en.lproj/InfoPlist.strings; sourceTree = "<group>"; };
		26AE1D2E19141BA8008CAD60 /* main.m */ = {isa = PBXFileReference; lastKnownFileType = sourcecode.c.objc; path = main.m; sourceTree = "<group>"; };
		26AE1D3019141BA8008CAD60 /* Git test-Prefix.pch */ = {isa = PBXFileReference; lastKnownFileType = sourcecode.c.h; path = "Git test-Prefix.pch"; sourceTree = "<group>"; };
		26AE1D3119141BA8008CAD60 /* WSAppDelegate.h */ = {isa = PBXFileReference; lastKnownFileType = sourcecode.c.h; path = WSAppDelegate.h; sourceTree = "<group>"; };
		26AE1D3219141BA8008CAD60 /* WSAppDelegate.m */ = {isa = PBXFileReference; lastKnownFileType = sourcecode.c.objc; path = WSAppDelegate.m; sourceTree = "<group>"; };
		26AE1D3519141BA8008CAD60 /* Base */ = {isa = PBXFileReference; lastKnownFileType = file.storyboard; name = Base; path = Base.lproj/Main.storyboard; sourceTree = "<group>"; };
		26AE1D3719141BA8008CAD60 /* WSViewController.h */ = {isa = PBXFileReference; lastKnownFileType = sourcecode.c.h; path = WSViewController.h; sourceTree = "<group>"; };
		26AE1D3819141BA8008CAD60 /* WSViewController.m */ = {isa = PBXFileReference; lastKnownFileType = sourcecode.c.objc; path = WSViewController.m; sourceTree = "<group>"; };
		26AE1D3A19141BA8008CAD60 /* Images.xcassets */ = {isa = PBXFileReference; lastKnownFileType = folder.assetcatalog; path = Images.xcassets; sourceTree = "<group>"; };
		26AE1D4019141BA8008CAD60 /* Git testTests.xctest */ = {isa = PBXFileReference; explicitFileType = wrapper.cfbundle; includeInIndex = 0; path = "Git testTests.xctest"; sourceTree = BUILT_PRODUCTS_DIR; };
		26AE1D4119141BA8008CAD60 /* XCTest.framework */ = {isa = PBXFileReference; lastKnownFileType = wrapper.framework; name = XCTest.framework; path = Library/Frameworks/XCTest.framework; sourceTree = DEVELOPER_DIR; };
		26AE1D4919141BA8008CAD60 /* Git testTests-Info.plist */ = {isa = PBXFileReference; lastKnownFileType = text.plist.xml; path = "Git testTests-Info.plist"; sourceTree = "<group>"; };
		26AE1D4B19141BA8008CAD60 /* en */ = {isa = PBXFileReference; lastKnownFileType = text.plist.strings; name = en; path = en.lproj/InfoPlist.strings; sourceTree = "<group>"; };
		26AE1D4D19141BA8008CAD60 /* Git_testTests.m */ = {isa = PBXFileReference; lastKnownFileType = sourcecode.c.objc; path = Git_testTests.m; sourceTree = "<group>"; };
		26AE1D5A19142032008CAD60 /* WSTest.h */ = {isa = PBXFileReference; fileEncoding = 4; lastKnownFileType = sourcecode.c.h; path = WSTest.h; sourceTree = "<group>"; };
		26AE1D5B19142032008CAD60 /* WSTest.m */ = {isa = PBXFileReference; fileEncoding = 4; lastKnownFileType = sourcecode.c.objc; path = WSTest.m; sourceTree = "<group>"; };
/* End PBXFileReference section */

/* Begin PBXFrameworksBuildPhase section */
		26AE1D1C19141BA8008CAD60 /* Frameworks */ = {
			isa = PBXFrameworksBuildPhase;
			buildActionMask = 2147483647;
			files = (
				26AE1D2519141BA8008CAD60 /* CoreGraphics.framework in Frameworks */,
				26AE1D2719141BA8008CAD60 /* UIKit.framework in Frameworks */,
				26AE1D2319141BA8008CAD60 /* Foundation.framework in Frameworks */,
			);
			runOnlyForDeploymentPostprocessing = 0;
		};
		26AE1D3D19141BA8008CAD60 /* Frameworks */ = {
			isa = PBXFrameworksBuildPhase;
			buildActionMask = 2147483647;
			files = (
				26AE1D4219141BA8008CAD60 /* XCTest.framework in Frameworks */,
				26AE1D4419141BA8008CAD60 /* UIKit.framework in Frameworks */,
				26AE1D4319141BA8008CAD60 /* Foundation.framework in Frameworks */,
			);
			runOnlyForDeploymentPostprocessing = 0;
		};
/* End PBXFrameworksBuildPhase section */

/* Begin PBXGroup section */
		26AE1D1619141BA8008CAD60 = {
			isa = PBXGroup;
			children = (
				26AE1D2819141BA8008CAD60 /* Git test */,
				26AE1D4719141BA8008CAD60 /* Git testTests */,
				26AE1D2119141BA8008CAD60 /* Frameworks */,
				26AE1D2019141BA8008CAD60 /* Products */,
			);
			sourceTree = "<group>";
		};
		26AE1D2019141BA8008CAD60 /* Products */ = {
			isa = PBXGroup;
			children = (
				26AE1D1F19141BA8008CAD60 /* Git test.app */,
				26AE1D4019141BA8008CAD60 /* Git testTests.xctest */,
			);
			name = Products;
			sourceTree = "<group>";
		};
		26AE1D2119141BA8008CAD60 /* Frameworks */ = {
			isa = PBXGroup;
			children = (
				26AE1D2219141BA8008CAD60 /* Foundation.framework */,
				26AE1D2419141BA8008CAD60 /* CoreGraphics.framework */,
				26AE1D2619141BA8008CAD60 /* UIKit.framework */,
				26AE1D4119141BA8008CAD60 /* XCTest.framework */,
			);
			name = Frameworks;
			sourceTree = "<group>";
		};
		26AE1D2819141BA8008CAD60 /* Git test */ = {
			isa = PBXGroup;
			children = (
				26AE1D3119141BA8008CAD60 /* WSAppDelegate.h */,
				26AE1D3219141BA8008CAD60 /* WSAppDelegate.m */,
				26AE1D3419141BA8008CAD60 /* Main.storyboard */,
				26AE1D3719141BA8008CAD60 /* WSViewController.h */,
				26AE1D3819141BA8008CAD60 /* WSViewController.m */,
				26AE1D5A19142032008CAD60 /* WSTest.h */,
				26AE1D5B19142032008CAD60 /* WSTest.m */,
				26AE1D3A19141BA8008CAD60 /* Images.xcassets */,
				26AE1D2919141BA8008CAD60 /* Supporting Files */,
			);
			path = "Git test";
			sourceTree = "<group>";
		};
		26AE1D2919141BA8008CAD60 /* Supporting Files */ = {
			isa = PBXGroup;
			children = (
				26AE1D2A19141BA8008CAD60 /* Git test-Info.plist */,
				26AE1D2B19141BA8008CAD60 /* InfoPlist.strings */,
				26AE1D2E19141BA8008CAD60 /* main.m */,
				26AE1D3019141BA8008CAD60 /* Git test-Prefix.pch */,
			);
			name = "Supporting Files";
			sourceTree = "<group>";
		};
		26AE1D4719141BA8008CAD60 /* Git testTests */ = {
			isa = PBXGroup;
			children = (
				26AE1D4D19141BA8008CAD60 /* Git_testTests.m */,
				26AE1D4819141BA8008CAD60 /* Supporting Files */,
			);
			path = "Git testTests";
			sourceTree = "<group>";
		};
		26AE1D4819141BA8008CAD60 /* Supporting Files */ = {
			isa = PBXGroup;
			children = (
				26AE1D4919141BA8008CAD60 /* Git testTests-Info.plist */,
				26AE1D4A19141BA8008CAD60 /* InfoPlist.strings */,
			);
			name = "Supporting Files";
			sourceTree = "<group>";
		};
/* End PBXGroup section */

/* Begin PBXNativeTarget section */
		26AE1D1E19141BA8008CAD60 /* Git test */ = {
			isa = PBXNativeTarget;
			buildConfigurationList = 26AE1D5119141BA8008CAD60 /* Build configuration list for PBXNativeTarget "Git test" */;
			buildPhases = (
				26AE1D1B19141BA8008CAD60 /* Sources */,
				26AE1D1C19141BA8008CAD60 /* Frameworks */,
				26AE1D1D19141BA8008CAD60 /* Resources */,
			);
			buildRules = (
			);
			dependencies = (
			);
			name = "Git test";
			productName = "Git test";
			productReference = 26AE1D1F19141BA8008CAD60 /* Git test.app */;
			productType = "com.apple.product-type.application";
		};
		26AE1D3F19141BA8008CAD60 /* Git testTests */ = {
			isa = PBXNativeTarget;
			buildConfigurationList = 26AE1D5419141BA8008CAD60 /* Build configuration list for PBXNativeTarget "Git testTests" */;
			buildPhases = (
				26AE1D3C19141BA8008CAD60 /* Sources */,
				26AE1D3D19141BA8008CAD60 /* Frameworks */,
				26AE1D3E19141BA8008CAD60 /* Resources */,
			);
			buildRules = (
			);
			dependencies = (
				26AE1D4619141BA8008CAD60 /* PBXTargetDependency */,
			);
			name = "Git testTests";
			productName = "Git testTests";
			productReference = 26AE1D4019141BA8008CAD60 /* Git testTests.xctest */;
			productType = "com.apple.product-type.bundle.unit-test";
		};
/* End PBXNativeTarget section */

/* Begin PBXProject section */
		26AE1D1719141BA8008CAD60 /* Project object */ = {
			isa = PBXProject;
			attributes = {
				CLASSPREFIX = WS;
				LastUpgradeCheck = 0510;
				ORGANIZATIONNAME = "___FULLUSERNAME___";
				TargetAttributes = {
					26AE1D3F19141BA8008CAD60 = {
						TestTargetID = 26AE1D1E19141BA8008CAD60;
					};
				};
			};
			buildConfigurationList = 26AE1D1A19141BA8008CAD60 /* Build configuration list for PBXProject "Git test" */;
			compatibilityVersion = "Xcode 3.2";
			developmentRegion = English;
			hasScannedForEncodings = 0;
			knownRegions = (
				en,
				Base,
			);
			mainGroup = 26AE1D1619141BA8008CAD60;
			productRefGroup = 26AE1D2019141BA8008CAD60 /* Products */;
			projectDirPath = "";
			projectRoot = "";
			targets = (
				26AE1D1E19141BA8008CAD60 /* Git test */,
				26AE1D3F19141BA8008CAD60 /* Git testTests */,
			);
		};
/* End PBXProject section */

/* Begin PBXResourcesBuildPhase section */
		26AE1D1D19141BA8008CAD60 /* Resources */ = {
			isa = PBXResourcesBuildPhase;
			buildActionMask = 2147483647;
			files = (
				26AE1D3B19141BA8008CAD60 /* Images.xcassets in Resources */,
				26AE1D2D19141BA8008CAD60 /* InfoPlist.strings in Resources */,
				26AE1D3619141BA8008CAD60 /* Main.storyboard in Resources */,
			);
			runOnlyForDeploymentPostprocessing = 0;
		};
		26AE1D3E19141BA8008CAD60 /* Resources */ = {
			isa = PBXResourcesBuildPhase;
			buildActionMask = 2147483647;
			files = (
				26AE1D4C19141BA8008CAD60 /* InfoPlist.strings in Resources */,
			);
			runOnlyForDeploymentPostprocessing = 0;
		};
/* End PBXResourcesBuildPhase section */

/* Begin PBXSourcesBuildPhase section */
		26AE1D1B19141BA8008CAD60 /* Sources */ = {
			isa = PBXSourcesBuildPhase;
			buildActionMask = 2147483647;
			files = (
				26AE1D3319141BA8008CAD60 /* WSAppDelegate.m in Sources */,
				26AE1D5C19142032008CAD60 /* WSTest.m in Sources */,
				26AE1D2F19141BA8008CAD60 /* main.m in Sources */,
				26AE1D3919141BA8008CAD60 /* WSViewController.m in Sources */,
			);
			runOnlyForDeploymentPostprocessing = 0;
		};
		26AE1D3C19141BA8008CAD60 /* Sources */ = {
			isa = PBXSourcesBuildPhase;
			buildActionMask = 2147483647;
			files = (
				26AE1D4E19141BA8008CAD60 /* Git_testTests.m in Sources */,
			);
			runOnlyForDeploymentPostprocessing = 0;
		};
/* End PBXSourcesBuildPhase section */

/* Begin PBXTargetDependency section */
		26AE1D4619141BA8008CAD60 /* PBXTargetDependency */ = {
			isa = PBXTargetDependency;
			target = 26AE1D1E19141BA8008CAD60 /* Git test */;
			targetProxy = 26AE1D4519141BA8008CAD60 /* PBXContainerItemProxy */;
		};
/* End PBXTargetDependency section */

/* Begin PBXVariantGroup section */
		26AE1D2B19141BA8008CAD60 /* InfoPlist.strings */ = {
			isa = PBXVariantGroup;
			children = (
				26AE1D2C19141BA8008CAD60 /* en */,
			);
			name = InfoPlist.strings;
			sourceTree = "<group>";
		};
		26AE1D3419141BA8008CAD60 /* Main.storyboard */ = {
			isa = PBXVariantGroup;
			children = (
				26AE1D3519141BA8008CAD60 /* Base */,
			);
			name = Main.storyboard;
			sourceTree = "<group>";
		};
		26AE1D4A19141BA8008CAD60 /* InfoPlist.strings */ = {
			isa = PBXVariantGroup;
			children = (
				26AE1D4B19141BA8008CAD60 /* en */,
			);
			name = InfoPlist.strings;
			sourceTree = "<group>";
		};
/* End PBXVariantGroup section */

/* Begin XCBuildConfiguration section */
		26AE1D4F19141BA8008CAD60 /* Debug */ = {
			isa = XCBuildConfiguration;
			buildSettings = {
				ALWAYS_SEARCH_USER_PATHS = NO;
				CLANG_CXX_LANGUAGE_STANDARD = "gnu++0x";
				CLANG_CXX_LIBRARY = "libc++";
				CLANG_ENABLE_MODULES = YES;
				CLANG_ENABLE_OBJC_ARC = YES;
				CLANG_WARN_BOOL_CONVERSION = YES;
				CLANG_WARN_CONSTANT_CONVERSION = YES;
				CLANG_WARN_DIRECT_OBJC_ISA_USAGE = YES_ERROR;
				CLANG_WARN_EMPTY_BODY = YES;
				CLANG_WARN_ENUM_CONVERSION = YES;
				CLANG_WARN_INT_CONVERSION = YES;
				CLANG_WARN_OBJC_ROOT_CLASS = YES_ERROR;
				CLANG_WARN__DUPLICATE_METHOD_MATCH = YES;
				"CODE_SIGN_IDENTITY[sdk=iphoneos*]" = "iPhone Developer";
				COPY_PHASE_STRIP = NO;
				GCC_C_LANGUAGE_STANDARD = gnu99;
				GCC_DYNAMIC_NO_PIC = NO;
				GCC_OPTIMIZATION_LEVEL = 0;
				GCC_PREPROCESSOR_DEFINITIONS = (
					"DEBUG=1",
					"$(inherited)",
				);
				GCC_SYMBOLS_PRIVATE_EXTERN = NO;
				GCC_WARN_64_TO_32_BIT_CONVERSION = YES;
				GCC_WARN_ABOUT_RETURN_TYPE = YES_ERROR;
				GCC_WARN_UNDECLARED_SELECTOR = YES;
				GCC_WARN_UNINITIALIZED_AUTOS = YES_AGGRESSIVE;
				GCC_WARN_UNUSED_FUNCTION = YES;
				GCC_WARN_UNUSED_VARIABLE = YES;
				IPHONEOS_DEPLOYMENT_TARGET = 7.1;
				ONLY_ACTIVE_ARCH = YES;
				SDKROOT = iphoneos;
			};
			name = Debug;
		};
		26AE1D5019141BA8008CAD60 /* Release */ = {
			isa = XCBuildConfiguration;
			buildSettings = {
				ALWAYS_SEARCH_USER_PATHS = NO;
				CLANG_CXX_LANGUAGE_STANDARD = "gnu++0x";
				CLANG_CXX_LIBRARY = "libc++";
				CLANG_ENABLE_MODULES = YES;
				CLANG_ENABLE_OBJC_ARC = YES;
				CLANG_WARN_BOOL_CONVERSION = YES;
				CLANG_WARN_CONSTANT_CONVERSION = YES;
				CLANG_WARN_DIRECT_OBJC_ISA_USAGE = YES_ERROR;
				CLANG_WARN_EMPTY_BODY = YES;
				CLANG_WARN_ENUM_CONVERSION = YES;
				CLANG_WARN_INT_CONVERSION = YES;
				CLANG_WARN_OBJC_ROOT_CLASS = YES_ERROR;
				CLANG_WARN__DUPLICATE_METHOD_MATCH = YES;
				"CODE_SIGN_IDENTITY[sdk=iphoneos*]" = "iPhone Developer";
				COPY_PHASE_STRIP = YES;
				ENABLE_NS_ASSERTIONS = NO;
				GCC_C_LANGUAGE_STANDARD = gnu99;
				GCC_WARN_64_TO_32_BIT_CONVERSION = YES;
				GCC_WARN_ABOUT_RETURN_TYPE = YES_ERROR;
				GCC_WARN_UNDECLARED_SELECTOR = YES;
				GCC_WARN_UNINITIALIZED_AUTOS = YES_AGGRESSIVE;
				GCC_WARN_UNUSED_FUNCTION = YES;
				GCC_WARN_UNUSED_VARIABLE = YES;
				IPHONEOS_DEPLOYMENT_TARGET = 7.1;
				SDKROOT = iphoneos;
				VALIDATE_PRODUCT = YES;
			};
			name = Release;
		};
		26AE1D5219141BA8008CAD60 /* Debug */ = {
			isa = XCBuildConfiguration;
			buildSettings = {
				ASSETCATALOG_COMPILER_APPICON_NAME = AppIcon;
				ASSETCATALOG_COMPILER_LAUNCHIMAGE_NAME = LaunchImage;
				GCC_PRECOMPILE_PREFIX_HEADER = YES;
				GCC_PREFIX_HEADER = "Git test/Git test-Prefix.pch";
				INFOPLIST_FILE = "Git test/Git test-Info.plist";
				PRODUCT_NAME = "$(TARGET_NAME)";
				WRAPPER_EXTENSION = app;
			};
			name = Debug;
		};
		26AE1D5319141BA8008CAD60 /* Release */ = {
			isa = XCBuildConfiguration;
			buildSettings = {
				ASSETCATALOG_COMPILER_APPICON_NAME = AppIcon;
				ASSETCATALOG_COMPILER_LAUNCHIMAGE_NAME = LaunchImage;
				GCC_PRECOMPILE_PREFIX_HEADER = YES;
				GCC_PREFIX_HEADER = "Git test/Git test-Prefix.pch";
				INFOPLIST_FILE = "Git test/Git test-Info.plist";
				PRODUCT_NAME = "$(TARGET_NAME)";
				WRAPPER_EXTENSION = app;
			};
			name = Release;
		};
		26AE1D5519141BA8008CAD60 /* Debug */ = {
			isa = XCBuildConfiguration;
			buildSettings = {
				BUNDLE_LOADER = "$(BUILT_PRODUCTS_DIR)/Git test.app/Git test";
				FRAMEWORK_SEARCH_PATHS = (
					"$(SDKROOT)/Developer/Library/Frameworks",
					"$(inherited)",
					"$(DEVELOPER_FRAMEWORKS_DIR)",
				);
				GCC_PRECOMPILE_PREFIX_HEADER = YES;
				GCC_PREFIX_HEADER = "Git test/Git test-Prefix.pch";
				GCC_PREPROCESSOR_DEFINITIONS = (
					"DEBUG=1",
					"$(inherited)",
				);
				INFOPLIST_FILE = "Git testTests/Git testTests-Info.plist";
				PRODUCT_NAME = "$(TARGET_NAME)";
				TEST_HOST = "$(BUNDLE_LOADER)";
				WRAPPER_EXTENSION = xctest;
			};
			name = Debug;
		};
		26AE1D5619141BA8008CAD60 /* Release */ = {
			isa = XCBuildConfiguration;
			buildSettings = {
				BUNDLE_LOADER = "$(BUILT_PRODUCTS_DIR)/Git test.app/Git test";
				FRAMEWORK_SEARCH_PATHS = (
					"$(SDKROOT)/Developer/Library/Frameworks",
					"$(inherited)",
					"$(DEVELOPER_FRAMEWORKS_DIR)",
				);
				GCC_PRECOMPILE_PREFIX_HEADER = YES;
				GCC_PREFIX_HEADER = "Git test/Git test-Prefix.pch";
				INFOPLIST_FILE = "Git testTests/Git testTests-Info.plist";
				PRODUCT_NAME = "$(TARGET_NAME)";
				TEST_HOST = "$(BUNDLE_LOADER)";
				WRAPPER_EXTENSION = xctest;
			};
			name = Release;
		};
/* End XCBuildConfiguration section */

/* Begin XCConfigurationList section */
		26AE1D1A19141BA8008CAD60 /* Build configuration list for PBXProject "Git test" */ = {
			isa = XCConfigurationList;
			buildConfigurations = (
				26AE1D4F19141BA8008CAD60 /* Debug */,
				26AE1D5019141BA8008CAD60 /* Release */,
			);
			defaultConfigurationIsVisible = 0;
			defaultConfigurationName = Release;
		};
		26AE1D5119141BA8008CAD60 /* Build configuration list for PBXNativeTarget "Git test" */ = {
			isa = XCConfigurationList;
			buildConfigurations = (
				26AE1D5219141BA8008CAD60 /* Debug */,
				26AE1D5319141BA8008CAD60 /* Release */,
			);
			defaultConfigurationIsVisible = 0;
		};
		26AE1D5419141BA8008CAD60 /* Build configuration list for PBXNativeTarget "Git testTests" */ = {
			isa = XCConfigurationList;
			buildConfigurations = (
				26AE1D5519141BA8008CAD60 /* Debug */,
				26AE1D5619141BA8008CAD60 /* Release */,
			);
			defaultConfigurationIsVisible = 0;
		};
/* End XCConfigurationList section */
	};
	rootObject = 26AE1D1719141BA8008CAD60 /* Project object */;
}
